// !$*UTF8*$!
{
	archiveVersion = 1;
	classes = {
	};
	objectVersion = 46;
	objects = {

/* Begin PBXBuildFile section */
		D3C5C9FCBFE0E173D3DD7503 /* Pods.framework in Frameworks */ = {isa = PBXBuildFile; fileRef = 38601CC3EEA0612AB09E9BB2 /* Pods.framework */; };
		FCDD34AA1C767B1200534A57 /* main.m in Sources */ = {isa = PBXBuildFile; fileRef = FCDD34A91C767B1200534A57 /* main.m */; };
		FCDD34AD1C767B1200534A57 /* AppDelegate.m in Sources */ = {isa = PBXBuildFile; fileRef = FCDD34AC1C767B1200534A57 /* AppDelegate.m */; };
		FCDD34B01C767B1200534A57 /* ViewController.m in Sources */ = {isa = PBXBuildFile; fileRef = FCDD34AF1C767B1200534A57 /* ViewController.m */; };
		FCDD34B31C767B1200534A57 /* Main.storyboard in Resources */ = {isa = PBXBuildFile; fileRef = FCDD34B11C767B1200534A57 /* Main.storyboard */; };
		FCDD34B51C767B1200534A57 /* Assets.xcassets in Resources */ = {isa = PBXBuildFile; fileRef = FCDD34B41C767B1200534A57 /* Assets.xcassets */; };
		FCDD34B81C767B1200534A57 /* LaunchScreen.storyboard in Resources */ = {isa = PBXBuildFile; fileRef = FCDD34B61C767B1200534A57 /* LaunchScreen.storyboard */; };
		FCDD34C31C767B1200534A57 /* ParseProject2Tests.m in Sources */ = {isa = PBXBuildFile; fileRef = FCDD34C21C767B1200534A57 /* ParseProject2Tests.m */; };
		FCDD34CE1C767B1200534A57 /* ParseProject2UITests.m in Sources */ = {isa = PBXBuildFile; fileRef = FCDD34CD1C767B1200534A57 /* ParseProject2UITests.m */; };
		FCDD34DD1C76855200534A57 /* ParseImagesCollectionViewController.m in Sources */ = {isa = PBXBuildFile; fileRef = FCDD34DC1C76855200534A57 /* ParseImagesCollectionViewController.m */; };
		FCDD34E01C76956600534A57 /* ImageExampleCell.m in Sources */ = {isa = PBXBuildFile; fileRef = FCDD34DF1C76956600534A57 /* ImageExampleCell.m */; };
		FCDD34E31C76A20F00534A57 /* UploadImageViewController.m in Sources */ = {isa = PBXBuildFile; fileRef = FCDD34E21C76A20F00534A57 /* UploadImageViewController.m */; };
/* End PBXBuildFile section */

/* Begin PBXContainerItemProxy section */
		FCDD34BF1C767B1200534A57 /* PBXContainerItemProxy */ = {
			isa = PBXContainerItemProxy;
			containerPortal = FCDD349D1C767B1200534A57 /* Project object */;
			proxyType = 1;
			remoteGlobalIDString = FCDD34A41C767B1200534A57;
			remoteInfo = ParseProject2;
		};
		FCDD34CA1C767B1200534A57 /* PBXContainerItemProxy */ = {
			isa = PBXContainerItemProxy;
			containerPortal = FCDD349D1C767B1200534A57 /* Project object */;
			proxyType = 1;
			remoteGlobalIDString = FCDD34A41C767B1200534A57;
			remoteInfo = ParseProject2;
		};
/* End PBXContainerItemProxy section */

/* Begin PBXFileReference section */
		38601CC3EEA0612AB09E9BB2 /* Pods.framework */ = {isa = PBXFileReference; explicitFileType = wrapper.framework; includeInIndex = 0; path = Pods.framework; sourceTree = BUILT_PRODUCTS_DIR; };
		6DFBDFA0C5519C727453EEDD /* Pods.debug.xcconfig */ = {isa = PBXFileReference; includeInIndex = 1; lastKnownFileType = text.xcconfig; name = Pods.debug.xcconfig; path = "Pods/Target Support Files/Pods/Pods.debug.xcconfig"; sourceTree = "<group>"; };
		D7E344D46363DA99022E5E43 /* Pods.release.xcconfig */ = {isa = PBXFileReference; includeInIndex = 1; lastKnownFileType = text.xcconfig; name = Pods.release.xcconfig; path = "Pods/Target Support Files/Pods/Pods.release.xcconfig"; sourceTree = "<group>"; };
		FCDD34A51C767B1200534A57 /* ParseProject2.app */ = {isa = PBXFileReference; explicitFileType = wrapper.application; includeInIndex = 0; path = ParseProject2.app; sourceTree = BUILT_PRODUCTS_DIR; };
		FCDD34A91C767B1200534A57 /* main.m */ = {isa = PBXFileReference; lastKnownFileType = sourcecode.c.objc; path = main.m; sourceTree = "<group>"; };
		FCDD34AB1C767B1200534A57 /* AppDelegate.h */ = {isa = PBXFileReference; lastKnownFileType = sourcecode.c.h; path = AppDelegate.h; sourceTree = "<group>"; };
		FCDD34AC1C767B1200534A57 /* AppDelegate.m */ = {isa = PBXFileReference; lastKnownFileType = sourcecode.c.objc; path = AppDelegate.m; sourceTree = "<group>"; };
		FCDD34AE1C767B1200534A57 /* ViewController.h */ = {isa = PBXFileReference; lastKnownFileType = sourcecode.c.h; path = ViewController.h; sourceTree = "<group>"; };
		FCDD34AF1C767B1200534A57 /* ViewController.m */ = {isa = PBXFileReference; lastKnownFileType = sourcecode.c.objc; path = ViewController.m; sourceTree = "<group>"; };
		FCDD34B21C767B1200534A57 /* Base */ = {isa = PBXFileReference; lastKnownFileType = file.storyboard; name = Base; path = Base.lproj/Main.storyboard; sourceTree = "<group>"; };
		FCDD34B41C767B1200534A57 /* Assets.xcassets */ = {isa = PBXFileReference; lastKnownFileType = folder.assetcatalog; path = Assets.xcassets; sourceTree = "<group>"; };
		FCDD34B71C767B1200534A57 /* Base */ = {isa = PBXFileReference; lastKnownFileType = file.storyboard; name = Base; path = Base.lproj/LaunchScreen.storyboard; sourceTree = "<group>"; };
		FCDD34B91C767B1200534A57 /* Info.plist */ = {isa = PBXFileReference; lastKnownFileType = text.plist.xml; path = Info.plist; sourceTree = "<group>"; };
		FCDD34BE1C767B1200534A57 /* ParseProject2Tests.xctest */ = {isa = PBXFileReference; explicitFileType = wrapper.cfbundle; includeInIndex = 0; path = ParseProject2Tests.xctest; sourceTree = BUILT_PRODUCTS_DIR; };
		FCDD34C21C767B1200534A57 /* ParseProject2Tests.m */ = {isa = PBXFileReference; lastKnownFileType = sourcecode.c.objc; path = ParseProject2Tests.m; sourceTree = "<group>"; };
		FCDD34C41C767B1200534A57 /* Info.plist */ = {isa = PBXFileReference; lastKnownFileType = text.plist.xml; path = Info.plist; sourceTree = "<group>"; };
		FCDD34C91C767B1200534A57 /* ParseProject2UITests.xctest */ = {isa = PBXFileReference; explicitFileType = wrapper.cfbundle; includeInIndex = 0; path = ParseProject2UITests.xctest; sourceTree = BUILT_PRODUCTS_DIR; };
		FCDD34CD1C767B1200534A57 /* ParseProject2UITests.m */ = {isa = PBXFileReference; lastKnownFileType = sourcecode.c.objc; path = ParseProject2UITests.m; sourceTree = "<group>"; };
		FCDD34CF1C767B1200534A57 /* Info.plist */ = {isa = PBXFileReference; lastKnownFileType = text.plist.xml; path = Info.plist; sourceTree = "<group>"; };
		FCDD34DB1C76855200534A57 /* ParseImagesCollectionViewController.h */ = {isa = PBXFileReference; fileEncoding = 4; lastKnownFileType = sourcecode.c.h; path = ParseImagesCollectionViewController.h; sourceTree = "<group>"; };
		FCDD34DC1C76855200534A57 /* ParseImagesCollectionViewController.m */ = {isa = PBXFileReference; fileEncoding = 4; lastKnownFileType = sourcecode.c.objc; path = ParseImagesCollectionViewController.m; sourceTree = "<group>"; };
		FCDD34DE1C76956600534A57 /* ImageExampleCell.h */ = {isa = PBXFileReference; fileEncoding = 4; lastKnownFileType = sourcecode.c.h; path = ImageExampleCell.h; sourceTree = "<group>"; };
		FCDD34DF1C76956600534A57 /* ImageExampleCell.m */ = {isa = PBXFileReference; fileEncoding = 4; lastKnownFileType = sourcecode.c.objc; path = ImageExampleCell.m; sourceTree = "<group>"; };
		FCDD34E11C76A20F00534A57 /* UploadImageViewController.h */ = {isa = PBXFileReference; fileEncoding = 4; lastKnownFileType = sourcecode.c.h; name = UploadImageViewController.h; path = ../UploadImageViewController.h; sourceTree = "<group>"; };
		FCDD34E21C76A20F00534A57 /* UploadImageViewController.m */ = {isa = PBXFileReference; fileEncoding = 4; lastKnownFileType = sourcecode.c.objc; name = UploadImageViewController.m; path = ../UploadImageViewController.m; sourceTree = "<group>"; };
/* End PBXFileReference section */

/* Begin PBXFrameworksBuildPhase section */
		FCDD34A21C767B1200534A57 /* Frameworks */ = {
			isa = PBXFrameworksBuildPhase;
			buildActionMask = 2147483647;
			files = (
				D3C5C9FCBFE0E173D3DD7503 /* Pods.framework in Frameworks */,
			);
			runOnlyForDeploymentPostprocessing = 0;
		};
		FCDD34BB1C767B1200534A57 /* Frameworks */ = {
			isa = PBXFrameworksBuildPhase;
			buildActionMask = 2147483647;
			files = (
			);
			runOnlyForDeploymentPostprocessing = 0;
		};
		FCDD34C61C767B1200534A57 /* Frameworks */ = {
			isa = PBXFrameworksBuildPhase;
			buildActionMask = 2147483647;
			files = (
			);
			runOnlyForDeploymentPostprocessing = 0;
		};
/* End PBXFrameworksBuildPhase section */

/* Begin PBXGroup section */
		1D03EC72B35BADD1FFC3CD9E /* Frameworks */ = {
			isa = PBXGroup;
			children = (
				38601CC3EEA0612AB09E9BB2 /* Pods.framework */,
			);
			name = Frameworks;
			sourceTree = "<group>";
		};
		E31ACD93FE7CAC9DC818DA3A /* Pods */ = {
			isa = PBXGroup;
			children = (
				6DFBDFA0C5519C727453EEDD /* Pods.debug.xcconfig */,
				D7E344D46363DA99022E5E43 /* Pods.release.xcconfig */,
			);
			name = Pods;
			sourceTree = "<group>";
		};
		FCDD349C1C767B1200534A57 = {
			isa = PBXGroup;
			children = (
				FCDD34A71C767B1200534A57 /* ParseProject2 */,
				FCDD34C11C767B1200534A57 /* ParseProject2Tests */,
				FCDD34CC1C767B1200534A57 /* ParseProject2UITests */,
				FCDD34A61C767B1200534A57 /* Products */,
				E31ACD93FE7CAC9DC818DA3A /* Pods */,
				1D03EC72B35BADD1FFC3CD9E /* Frameworks */,
			);
			sourceTree = "<group>";
		};
		FCDD34A61C767B1200534A57 /* Products */ = {
			isa = PBXGroup;
			children = (
				FCDD34A51C767B1200534A57 /* ParseProject2.app */,
				FCDD34BE1C767B1200534A57 /* ParseProject2Tests.xctest */,
				FCDD34C91C767B1200534A57 /* ParseProject2UITests.xctest */,
			);
			name = Products;
			sourceTree = "<group>";
		};
		FCDD34A71C767B1200534A57 /* ParseProject2 */ = {
			isa = PBXGroup;
			children = (
				FCDD34AB1C767B1200534A57 /* AppDelegate.h */,
				FCDD34AC1C767B1200534A57 /* AppDelegate.m */,
				FCDD34AE1C767B1200534A57 /* ViewController.h */,
				FCDD34AF1C767B1200534A57 /* ViewController.m */,
				FCDD34DB1C76855200534A57 /* ParseImagesCollectionViewController.h */,
				FCDD34DC1C76855200534A57 /* ParseImagesCollectionViewController.m */,
				FCDD34DE1C76956600534A57 /* ImageExampleCell.h */,
				FCDD34DF1C76956600534A57 /* ImageExampleCell.m */,
				FCDD34E11C76A20F00534A57 /* UploadImageViewController.h */,
				FCDD34E21C76A20F00534A57 /* UploadImageViewController.m */,
				FCDD34B11C767B1200534A57 /* Main.storyboard */,
				FCDD34B41C767B1200534A57 /* Assets.xcassets */,
				FCDD34B61C767B1200534A57 /* LaunchScreen.storyboard */,
				FCDD34B91C767B1200534A57 /* Info.plist */,
				FCDD34A81C767B1200534A57 /* Supporting Files */,
			);
			path = ParseProject2;
			sourceTree = "<group>";
		};
		FCDD34A81C767B1200534A57 /* Supporting Files */ = {
			isa = PBXGroup;
			children = (
				FCDD34A91C767B1200534A57 /* main.m */,
			);
			name = "Supporting Files";
			sourceTree = "<group>";
		};
		FCDD34C11C767B1200534A57 /* ParseProject2Tests */ = {
			isa = PBXGroup;
			children = (
				FCDD34C21C767B1200534A57 /* ParseProject2Tests.m */,
				FCDD34C41C767B1200534A57 /* Info.plist */,
			);
			path = ParseProject2Tests;
			sourceTree = "<group>";
		};
		FCDD34CC1C767B1200534A57 /* ParseProject2UITests */ = {
			isa = PBXGroup;
			children = (
				FCDD34CD1C767B1200534A57 /* ParseProject2UITests.m */,
				FCDD34CF1C767B1200534A57 /* Info.plist */,
			);
			path = ParseProject2UITests;
			sourceTree = "<group>";
		};
/* End PBXGroup section */

/* Begin PBXNativeTarget section */
		FCDD34A41C767B1200534A57 /* ParseProject2 */ = {
			isa = PBXNativeTarget;
			buildConfigurationList = FCDD34D21C767B1200534A57 /* Build configuration list for PBXNativeTarget "ParseProject2" */;
			buildPhases = (
				2766B64E4DB17BCC3C27A28D /* Check Pods Manifest.lock */,
				FCDD34A11C767B1200534A57 /* Sources */,
				FCDD34A21C767B1200534A57 /* Frameworks */,
				FCDD34A31C767B1200534A57 /* Resources */,
				49802C6E069D7C4CE5BC1C52 /* Embed Pods Frameworks */,
				035ED8C7E1EA284255C1DFF8 /* Copy Pods Resources */,
			);
			buildRules = (
			);
			dependencies = (
			);
			name = ParseProject2;
			productName = ParseProject2;
			productReference = FCDD34A51C767B1200534A57 /* ParseProject2.app */;
			productType = "com.apple.product-type.application";
		};
		FCDD34BD1C767B1200534A57 /* ParseProject2Tests */ = {
			isa = PBXNativeTarget;
			buildConfigurationList = FCDD34D51C767B1200534A57 /* Build configuration list for PBXNativeTarget "ParseProject2Tests" */;
			buildPhases = (
				FCDD34BA1C767B1200534A57 /* Sources */,
				FCDD34BB1C767B1200534A57 /* Frameworks */,
				FCDD34BC1C767B1200534A57 /* Resources */,
			);
			buildRules = (
			);
			dependencies = (
				FCDD34C01C767B1200534A57 /* PBXTargetDependency */,
			);
			name = ParseProject2Tests;
			productName = ParseProject2Tests;
			productReference = FCDD34BE1C767B1200534A57 /* ParseProject2Tests.xctest */;
			productType = "com.apple.product-type.bundle.unit-test";
		};
		FCDD34C81C767B1200534A57 /* ParseProject2UITests */ = {
			isa = PBXNativeTarget;
			buildConfigurationList = FCDD34D81C767B1200534A57 /* Build configuration list for PBXNativeTarget "ParseProject2UITests" */;
			buildPhases = (
				FCDD34C51C767B1200534A57 /* Sources */,
				FCDD34C61C767B1200534A57 /* Frameworks */,
				FCDD34C71C767B1200534A57 /* Resources */,
			);
			buildRules = (
			);
			dependencies = (
				FCDD34CB1C767B1200534A57 /* PBXTargetDependency */,
			);
			name = ParseProject2UITests;
			productName = ParseProject2UITests;
			productReference = FCDD34C91C767B1200534A57 /* ParseProject2UITests.xctest */;
			productType = "com.apple.product-type.bundle.ui-testing";
		};
/* End PBXNativeTarget section */

/* Begin PBXProject section */
		FCDD349D1C767B1200534A57 /* Project object */ = {
			isa = PBXProject;
			attributes = {
				LastUpgradeCheck = 0720;
				ORGANIZATIONNAME = "Thomas Friesman";
				TargetAttributes = {
					FCDD34A41C767B1200534A57 = {
						CreatedOnToolsVersion = 7.2.1;
						DevelopmentTeam = 886ADMR9E3;
					};
					FCDD34BD1C767B1200534A57 = {
						CreatedOnToolsVersion = 7.2.1;
						DevelopmentTeam = 886ADMR9E3;
						TestTargetID = FCDD34A41C767B1200534A57;
					};
					FCDD34C81C767B1200534A57 = {
						CreatedOnToolsVersion = 7.2.1;
						DevelopmentTeam = 886ADMR9E3;
						TestTargetID = FCDD34A41C767B1200534A57;
					};
				};
			};
			buildConfigurationList = FCDD34A01C767B1200534A57 /* Build configuration list for PBXProject "ParseProject2" */;
			compatibilityVersion = "Xcode 3.2";
			developmentRegion = English;
			hasScannedForEncodings = 0;
			knownRegions = (
				en,
				Base,
			);
			mainGroup = FCDD349C1C767B1200534A57;
			productRefGroup = FCDD34A61C767B1200534A57 /* Products */;
			projectDirPath = "";
			projectRoot = "";
			targets = (
				FCDD34A41C767B1200534A57 /* ParseProject2 */,
				FCDD34BD1C767B1200534A57 /* ParseProject2Tests */,
				FCDD34C81C767B1200534A57 /* ParseProject2UITests */,
			);
		};
/* End PBXProject section */

/* Begin PBXResourcesBuildPhase section */
		FCDD34A31C767B1200534A57 /* Resources */ = {
			isa = PBXResourcesBuildPhase;
			buildActionMask = 2147483647;
			files = (
				FCDD34B81C767B1200534A57 /* LaunchScreen.storyboard in Resources */,
				FCDD34B51C767B1200534A57 /* Assets.xcassets in Resources */,
				FCDD34B31C767B1200534A57 /* Main.storyboard in Resources */,
			);
			runOnlyForDeploymentPostprocessing = 0;
		};
		FCDD34BC1C767B1200534A57 /* Resources */ = {
			isa = PBXResourcesBuildPhase;
			buildActionMask = 2147483647;
			files = (
			);
			runOnlyForDeploymentPostprocessing = 0;
		};
		FCDD34C71C767B1200534A57 /* Resources */ = {
			isa = PBXResourcesBuildPhase;
			buildActionMask = 2147483647;
			files = (
			);
			runOnlyForDeploymentPostprocessing = 0;
		};
/* End PBXResourcesBuildPhase section */

/* Begin PBXShellScriptBuildPhase section */
		035ED8C7E1EA284255C1DFF8 /* Copy Pods Resources */ = {
			isa = PBXShellScriptBuildPhase;
			buildActionMask = 2147483647;
			files = (
			);
			inputPaths = (
			);
			name = "Copy Pods Resources";
			outputPaths = (
			);
			runOnlyForDeploymentPostprocessing = 0;
			shellPath = /bin/sh;
			shellScript = "\"${SRCROOT}/Pods/Target Support Files/Pods/Pods-resources.sh\"\n";
			showEnvVarsInLog = 0;
		};
		2766B64E4DB17BCC3C27A28D /* Check Pods Manifest.lock */ = {
			isa = PBXShellScriptBuildPhase;
			buildActionMask = 2147483647;
			files = (
			);
			inputPaths = (
			);
			name = "Check Pods Manifest.lock";
			outputPaths = (
			);
			runOnlyForDeploymentPostprocessing = 0;
			shellPath = /bin/sh;
			shellScript = "diff \"${PODS_ROOT}/../Podfile.lock\" \"${PODS_ROOT}/Manifest.lock\" > /dev/null\nif [[ $? != 0 ]] ; then\n    cat << EOM\nerror: The sandbox is not in sync with the Podfile.lock. Run 'pod install' or update your CocoaPods installation.\nEOM\n    exit 1\nfi\n";
			showEnvVarsInLog = 0;
		};
		49802C6E069D7C4CE5BC1C52 /* Embed Pods Frameworks */ = {
			isa = PBXShellScriptBuildPhase;
			buildActionMask = 2147483647;
			files = (
			);
			inputPaths = (
			);
			name = "Embed Pods Frameworks";
			outputPaths = (
			);
			runOnlyForDeploymentPostprocessing = 0;
			shellPath = /bin/sh;
			shellScript = "\"${SRCROOT}/Pods/Target Support Files/Pods/Pods-frameworks.sh\"\n";
			showEnvVarsInLog = 0;
		};
/* End PBXShellScriptBuildPhase section */

/* Begin PBXSourcesBuildPhase section */
		FCDD34A11C767B1200534A57 /* Sources */ = {
			isa = PBXSourcesBuildPhase;
			buildActionMask = 2147483647;
			files = (
				FCDD34DD1C76855200534A57 /* ParseImagesCollectionViewController.m in Sources */,
				FCDD34B01C767B1200534A57 /* ViewController.m in Sources */,
				FCDD34AD1C767B1200534A57 /* AppDelegate.m in Sources */,
				FCDD34E31C76A20F00534A57 /* UploadImageViewController.m in Sources */,
				FCDD34E01C76956600534A57 /* ImageExampleCell.m in Sources */,
				FCDD34AA1C767B1200534A57 /* main.m in Sources */,
			);
			runOnlyForDeploymentPostprocessing = 0;
		};
		FCDD34BA1C767B1200534A57 /* Sources */ = {
			isa = PBXSourcesBuildPhase;
			buildActionMask = 2147483647;
			files = (
				FCDD34C31C767B1200534A57 /* ParseProject2Tests.m in Sources */,
			);
			runOnlyForDeploymentPostprocessing = 0;
		};
		FCDD34C51C767B1200534A57 /* Sources */ = {
			isa = PBXSourcesBuildPhase;
			buildActionMask = 2147483647;
			files = (
				FCDD34CE1C767B1200534A57 /* ParseProject2UITests.m in Sources */,
			);
			runOnlyForDeploymentPostprocessing = 0;
		};
/* End PBXSourcesBuildPhase section */

/* Begin PBXTargetDependency section */
		FCDD34C01C767B1200534A57 /* PBXTargetDependency */ = {
			isa = PBXTargetDependency;
			target = FCDD34A41C767B1200534A57 /* ParseProject2 */;
			targetProxy = FCDD34BF1C767B1200534A57 /* PBXContainerItemProxy */;
		};
		FCDD34CB1C767B1200534A57 /* PBXTargetDependency */ = {
			isa = PBXTargetDependency;
			target = FCDD34A41C767B1200534A57 /* ParseProject2 */;
			targetProxy = FCDD34CA1C767B1200534A57 /* PBXContainerItemProxy */;
		};
/* End PBXTargetDependency section */

/* Begin PBXVariantGroup section */
		FCDD34B11C767B1200534A57 /* Main.storyboard */ = {
			isa = PBXVariantGroup;
			children = (
				FCDD34B21C767B1200534A57 /* Base */,
			);
			name = Main.storyboard;
			sourceTree = "<group>";
		};
		FCDD34B61C767B1200534A57 /* LaunchScreen.storyboard */ = {
			isa = PBXVariantGroup;
			children = (
				FCDD34B71C767B1200534A57 /* Base */,
			);
			name = LaunchScreen.storyboard;
			sourceTree = "<group>";
		};
/* End PBXVariantGroup section */

/* Begin XCBuildConfiguration section */
		FCDD34D01C767B1200534A57 /* Debug */ = {
			isa = XCBuildConfiguration;
			buildSettings = {
				ALWAYS_SEARCH_USER_PATHS = NO;
				CLANG_CXX_LANGUAGE_STANDARD = "gnu++0x";
				CLANG_CXX_LIBRARY = "libc++";
				CLANG_ENABLE_MODULES = YES;
				CLANG_ENABLE_OBJC_ARC = YES;
				CLANG_WARN_BOOL_CONVERSION = YES;
				CLANG_WARN_CONSTANT_CONVERSION = YES;
				CLANG_WARN_DIRECT_OBJC_ISA_USAGE = YES_ERROR;
				CLANG_WARN_EMPTY_BODY = YES;
				CLANG_WARN_ENUM_CONVERSION = YES;
				CLANG_WARN_INT_CONVERSION = YES;
				CLANG_WARN_OBJC_ROOT_CLASS = YES_ERROR;
				CLANG_WARN_UNREACHABLE_CODE = YES;
				CLANG_WARN__DUPLICATE_METHOD_MATCH = YES;
				"CODE_SIGN_IDENTITY[sdk=iphoneos*]" = "iPhone Developer";
				COPY_PHASE_STRIP = NO;
				DEBUG_INFORMATION_FORMAT = dwarf;
				ENABLE_STRICT_OBJC_MSGSEND = YES;
				ENABLE_TESTABILITY = YES;
				GCC_C_LANGUAGE_STANDARD = gnu99;
				GCC_DYNAMIC_NO_PIC = NO;
				GCC_NO_COMMON_BLOCKS = YES;
				GCC_OPTIMIZATION_LEVEL = 0;
				GCC_PREPROCESSOR_DEFINITIONS = (
					"DEBUG=1",
					"$(inherited)",
				);
				GCC_WARN_64_TO_32_BIT_CONVERSION = YES;
				GCC_WARN_ABOUT_RETURN_TYPE = YES_ERROR;
				GCC_WARN_UNDECLARED_SELECTOR = YES;
				GCC_WARN_UNINITIALIZED_AUTOS = YES_AGGRESSIVE;
				GCC_WARN_UNUSED_FUNCTION = YES;
				GCC_WARN_UNUSED_VARIABLE = YES;
				IPHONEOS_DEPLOYMENT_TARGET = 9.2;
				MTL_ENABLE_DEBUG_INFO = YES;
				ONLY_ACTIVE_ARCH = YES;
				SDKROOT = iphoneos;
			};
			name = Debug;
		};
		FCDD34D11C767B1200534A57 /* Release */ = {
			isa = XCBuildConfiguration;
			buildSettings = {
				ALWAYS_SEARCH_USER_PATHS = NO;
				CLANG_CXX_LANGUAGE_STANDARD = "gnu++0x";
				CLANG_CXX_LIBRARY = "libc++";
				CLANG_ENABLE_MODULES = YES;
				CLANG_ENABLE_OBJC_ARC = YES;
				CLANG_WARN_BOOL_CONVERSION = YES;
				CLANG_WARN_CONSTANT_CONVERSION = YES;
				CLANG_WARN_DIRECT_OBJC_ISA_USAGE = YES_ERROR;
				CLANG_WARN_EMPTY_BODY = YES;
				CLANG_WARN_ENUM_CONVERSION = YES;
				CLANG_WARN_INT_CONVERSION = YES;
				CLANG_WARN_OBJC_ROOT_CLASS = YES_ERROR;
				CLANG_WARN_UNREACHABLE_CODE = YES;
				CLANG_WARN__DUPLICATE_METHOD_MATCH = YES;
				"CODE_SIGN_IDENTITY[sdk=iphoneos*]" = "iPhone Developer";
				COPY_PHASE_STRIP = NO;
				DEBUG_INFORMATION_FORMAT = "dwarf-with-dsym";
				ENABLE_NS_ASSERTIONS = NO;
				ENABLE_STRICT_OBJC_MSGSEND = YES;
				GCC_C_LANGUAGE_STANDARD = gnu99;
				GCC_NO_COMMON_BLOCKS = YES;
				GCC_WARN_64_TO_32_BIT_CONVERSION = YES;
				GCC_WARN_ABOUT_RETURN_TYPE = YES_ERROR;
				GCC_WARN_UNDECLARED_SELECTOR = YES;
				GCC_WARN_UNINITIALIZED_AUTOS = YES_AGGRESSIVE;
				GCC_WARN_UNUSED_FUNCTION = YES;
				GCC_WARN_UNUSED_VARIABLE = YES;
				IPHONEOS_DEPLOYMENT_TARGET = 9.2;
				MTL_ENABLE_DEBUG_INFO = NO;
				SDKROOT = iphoneos;
				VALIDATE_PRODUCT = YES;
			};
			name = Release;
		};
		FCDD34D31C767B1200534A57 /* Debug */ = {
			isa = XCBuildConfiguration;
			baseConfigurationReference = 6DFBDFA0C5519C727453EEDD /* Pods.debug.xcconfig */;
			buildSettings = {
				ASSETCATALOG_COMPILER_APPICON_NAME = AppIcon;
				INFOPLIST_FILE = ParseProject2/Info.plist;
				LD_RUNPATH_SEARCH_PATHS = "$(inherited) @executable_path/Frameworks";
				PRODUCT_BUNDLE_IDENTIFIER = "LHL-assignment.ParseProject2";
				PRODUCT_NAME = "$(TARGET_NAME)";
			};
			name = Debug;
		};
		FCDD34D41C767B1200534A57 /* Release */ = {
			isa = XCBuildConfiguration;
			baseConfigurationReference = D7E344D46363DA99022E5E43 /* Pods.release.xcconfig */;
			buildSettings = {
				ASSETCATALOG_COMPILER_APPICON_NAME = AppIcon;
				INFOPLIST_FILE = ParseProject2/Info.plist;
				LD_RUNPATH_SEARCH_PATHS = "$(inherited) @executable_path/Frameworks";
				PRODUCT_BUNDLE_IDENTIFIER = "LHL-assignment.ParseProject2";
				PRODUCT_NAME = "$(TARGET_NAME)";
			};
			name = Release;
		};
		FCDD34D61C767B1200534A57 /* Debug */ = {
			isa = XCBuildConfiguration;
			buildSettings = {
				BUNDLE_LOADER = "$(TEST_HOST)";
				INFOPLIST_FILE = ParseProject2Tests/Info.plist;
				LD_RUNPATH_SEARCH_PATHS = "$(inherited) @executable_path/Frameworks @loader_path/Frameworks";
				PRODUCT_BUNDLE_IDENTIFIER = "LHL-assignment.ParseProject2Tests";
				PRODUCT_NAME = "$(TARGET_NAME)";
				TEST_HOST = "$(BUILT_PRODUCTS_DIR)/ParseProject2.app/ParseProject2";
			};
			name = Debug;
		};
		FCDD34D71C767B1200534A57 /* Release */ = {
			isa = XCBuildConfiguration;
			buildSettings = {
				BUNDLE_LOADER = "$(TEST_HOST)";
				INFOPLIST_FILE = ParseProject2Tests/Info.plist;
				LD_RUNPATH_SEARCH_PATHS = "$(inherited) @executable_path/Frameworks @loader_path/Frameworks";
				PRODUCT_BUNDLE_IDENTIFIER = "LHL-assignment.ParseProject2Tests";
				PRODUCT_NAME = "$(TARGET_NAME)";
				TEST_HOST = "$(BUILT_PRODUCTS_DIR)/ParseProject2.app/ParseProject2";
			};
			name = Release;
		};
		FCDD34D91C767B1200534A57 /* Debug */ = {
			isa = XCBuildConfiguration;
			buildSettings = {
				INFOPLIST_FILE = ParseProject2UITests/Info.plist;
				LD_RUNPATH_SEARCH_PATHS = "$(inherited) @executable_path/Frameworks @loader_path/Frameworks";
				PRODUCT_BUNDLE_IDENTIFIER = "LHL-assignment.ParseProject2UITests";
				PRODUCT_NAME = "$(TARGET_NAME)";
				TEST_TARGET_NAME = ParseProject2;
				USES_XCTRUNNER = YES;
			};
			name = Debug;
		};
		FCDD34DA1C767B1200534A57 /* Release */ = {
			isa = XCBuildConfiguration;
			buildSettings = {
				INFOPLIST_FILE = ParseProject2UITests/Info.plist;
				LD_RUNPATH_SEARCH_PATHS = "$(inherited) @executable_path/Frameworks @loader_path/Frameworks";
				PRODUCT_BUNDLE_IDENTIFIER = "LHL-assignment.ParseProject2UITests";
				PRODUCT_NAME = "$(TARGET_NAME)";
				TEST_TARGET_NAME = ParseProject2;
				USES_XCTRUNNER = YES;
			};
			name = Release;
		};
/* End XCBuildConfiguration section */

/* Begin XCConfigurationList section */
		FCDD34A01C767B1200534A57 /* Build configuration list for PBXProject "ParseProject2" */ = {
			isa = XCConfigurationList;
			buildConfigurations = (
				FCDD34D01C767B1200534A57 /* Debug */,
				FCDD34D11C767B1200534A57 /* Release */,
			);
			defaultConfigurationIsVisible = 0;
			defaultConfigurationName = Release;
		};
		FCDD34D21C767B1200534A57 /* Build configuration list for PBXNativeTarget "ParseProject2" */ = {
			isa = XCConfigurationList;
			buildConfigurations = (
				FCDD34D31C767B1200534A57 /* Debug */,
				FCDD34D41C767B1200534A57 /* Release */,
			);
			defaultConfigurationIsVisible = 0;
			defaultConfigurationName = Release;
		};
		FCDD34D51C767B1200534A57 /* Build configuration list for PBXNativeTarget "ParseProject2Tests" */ = {
			isa = XCConfigurationList;
			buildConfigurations = (
				FCDD34D61C767B1200534A57 /* Debug */,
				FCDD34D71C767B1200534A57 /* Release */,
			);
			defaultConfigurationIsVisible = 0;
			defaultConfigurationName = Release;
		};
		FCDD34D81C767B1200534A57 /* Build configuration list for PBXNativeTarget "ParseProject2UITests" */ = {
			isa = XCConfigurationList;
			buildConfigurations = (
				FCDD34D91C767B1200534A57 /* Debug */,
				FCDD34DA1C767B1200534A57 /* Release */,
			);
			defaultConfigurationIsVisible = 0;
			defaultConfigurationName = Release;
		};
/* End XCConfigurationList section */
	};
	rootObject = FCDD349D1C767B1200534A57 /* Project object */;
}
